
Microsoft Visual Studio Solution File, Format Version 12.00
# Visual Studio Version 17
VisualStudioVersion = 17.5.002.0
MinimumVisualStudioVersion = 10.0.40219.1
Project("{2150E333-8FDC-42A3-9474-1A3956D46DE8}") = "src", "src", "{E36E96DD-D54F-491A-AA72-DC2CB50DAE60}"
EndProject
Project("{9A19103F-16F7-4668-BE54-9A1E7A4F7556}") = "ProjectService", "src\ProjectService\ProjectService.csproj", "{BDE0D992-4E9C-4262-9D1F-7B09CB80A5C4}"
EndProject
Global
	GlobalSection(SolutionConfigurationPlatforms) = preSolution
		Debug|Any CPU = Debug|Any CPU
		Release|Any CPU = Release|Any CPU
	EndGlobalSection
	GlobalSection(ProjectConfigurationPlatforms) = postSolution
		{BDE0D992-4E9C-4262-9D1F-7B09CB80A5C4}.Debug|Any CPU.ActiveCfg = Debug|Any CPU
		{BDE0D992-4E9C-4262-9D1F-7B09CB80A5C4}.Debug|Any CPU.Build.0 = Debug|Any CPU
		{BDE0D992-4E9C-4262-9D1F-7B09CB80A5C4}.Release|Any CPU.ActiveCfg = Release|Any CPU
		{BDE0D992-4E9C-4262-9D1F-7B09CB80A5C4}.Release|Any CPU.Build.0 = Release|Any CPU
	EndGlobalSection
	GlobalSection(SolutionProperties) = preSolution
		HideSolutionNode = FALSE
	EndGlobalSection
	GlobalSection(NestedProjects) = preSolution
		{BDE0D992-4E9C-4262-9D1F-7B09CB80A5C4} = {E36E96DD-D54F-491A-AA72-DC2CB50DAE60}
	EndGlobalSection
	GlobalSection(ExtensibilityGlobals) = postSolution
		SolutionGuid = {929B3F60-F736-48BF-8340-D422A274213E}
	EndGlobalSection
EndGlobal
